Microsoft Visual Studio Solution File, Format Version 12.00
# Visual Studio Version 17
VisualStudioVersion = 17.5.2.0
MinimumVisualStudioVersion = 10.0.40219.1
Project("{FAE04EC0-301F-11D3-BF4B-00C04F79EFBC}") = "Pupple", "Pupple.csproj", "{8D360192-2BFE-27E9-6AB0-6FF67C8C5D1D}"
EndProject
Global
	GlobalSection(SolutionConfigurationPlatforms) = preSolution
		Debug|Any CPU = Debug|Any CPU
		Release|Any CPU = Release|Any CPU
	EndGlobalSection
	GlobalSection(ProjectConfigurationPlatforms) = postSolution
		{8D360192-2BFE-27E9-6AB0-6FF67C8C5D1D}.Debug|Any CPU.ActiveCfg = Debug|Any CPU
		{8D360192-2BFE-27E9-6AB0-6FF67C8C5D1D}.Debug|Any CPU.Build.0 = Debug|Any CPU
		{8D360192-2BFE-27E9-6AB0-6FF67C8C5D1D}.Release|Any CPU.ActiveCfg = Release|Any CPU
		{8D360192-2BFE-27E9-6AB0-6FF67C8C5D1D}.Release|Any CPU.Build.0 = Release|Any CPU
	EndGlobalSection
	GlobalSection(SolutionProperties) = preSolution
		HideSolutionNode = FALSE
	EndGlobalSection
	GlobalSection(ExtensibilityGlobals) = postSolution
		SolutionGuid = {DE85FB96-B85D-4A62-BC3A-DA52F7F22BCC}
	EndGlobalSection
EndGlobal
